Microsoft Visual Studio Solution File, Format Version 12.00
# Visual Studio 2012
Project("{FAE04EC0-301F-11D3-BF4B-00C04F79EFBC}") = "SO-Project", "SO-Project.csproj", "{B8D51983-AEBD-4E3F-AA27-52D2A12A264D}"
EndProject
Global
	GlobalSection(SolutionConfigurationPlatforms) = preSolution
	Debug|Any CPU = Debug|Any CPU
	ExportDebug|Any CPU = ExportDebug|Any CPU
	ExportRelease|Any CPU = ExportRelease|Any CPU
	EndGlobalSection
	GlobalSection(ProjectConfigurationPlatforms) = postSolution
		{B8D51983-AEBD-4E3F-AA27-52D2A12A264D}.Debug|Any CPU.ActiveCfg = Debug|Any CPU
		{B8D51983-AEBD-4E3F-AA27-52D2A12A264D}.Debug|Any CPU.Build.0 = Debug|Any CPU
		{B8D51983-AEBD-4E3F-AA27-52D2A12A264D}.ExportDebug|Any CPU.ActiveCfg = ExportDebug|Any CPU
		{B8D51983-AEBD-4E3F-AA27-52D2A12A264D}.ExportDebug|Any CPU.Build.0 = ExportDebug|Any CPU
		{B8D51983-AEBD-4E3F-AA27-52D2A12A264D}.ExportRelease|Any CPU.ActiveCfg = ExportRelease|Any CPU
		{B8D51983-AEBD-4E3F-AA27-52D2A12A264D}.ExportRelease|Any CPU.Build.0 = ExportRelease|Any CPU
	EndGlobalSection
EndGlobal
